
Microsoft Visual Studio Solution File, Format Version 12.00
# Visual Studio Version 16
VisualStudioVersion = 16.0.30523.141
MinimumVisualStudioVersion = 10.0.40219.1
Project("{8BC9CEB8-8B4A-11D0-8D11-00A0C91BC942}") = "MarioSem2", "MarioSem2\MarioSem2.vcxproj", "{9B4C82E7-E9D5-40EA-BD10-DBE2EEBB1919}"
EndProject
Project("{2150E333-8FDC-42A3-9474-1A3956D46DE8}") = "Solution Items", "Solution Items", "{01048567-9437-4600-996B-55EBCD5F04BA}"
	ProjectSection(SolutionItems) = preProject
		MarioSem2\SDL2\lib\x64\SDL2.lib = MarioSem2\SDL2\lib\x64\SDL2.lib
		MarioSem2\SDL2\lib\x64\SDL2main.lib = MarioSem2\SDL2\lib\x64\SDL2main.lib
		MarioSem2\SDL2\lib\x64\SDL2test.lib = MarioSem2\SDL2\lib\x64\SDL2test.lib
	EndProjectSection
EndProject
Global
	GlobalSection(SolutionConfigurationPlatforms) = preSolution
		Debug|x64 = Debug|x64
		Debug|x86 = Debug|x86
		Release|x64 = Release|x64
		Release|x86 = Release|x86
	EndGlobalSection
	GlobalSection(ProjectConfigurationPlatforms) = postSolution
		{9B4C82E7-E9D5-40EA-BD10-DBE2EEBB1919}.Debug|x64.ActiveCfg = Debug|x64
		{9B4C82E7-E9D5-40EA-BD10-DBE2EEBB1919}.Debug|x64.Build.0 = Debug|x64
		{9B4C82E7-E9D5-40EA-BD10-DBE2EEBB1919}.Debug|x86.ActiveCfg = Debug|Win32
		{9B4C82E7-E9D5-40EA-BD10-DBE2EEBB1919}.Debug|x86.Build.0 = Debug|Win32
		{9B4C82E7-E9D5-40EA-BD10-DBE2EEBB1919}.Release|x64.ActiveCfg = Release|x64
		{9B4C82E7-E9D5-40EA-BD10-DBE2EEBB1919}.Release|x64.Build.0 = Release|x64
		{9B4C82E7-E9D5-40EA-BD10-DBE2EEBB1919}.Release|x86.ActiveCfg = Release|Win32
		{9B4C82E7-E9D5-40EA-BD10-DBE2EEBB1919}.Release|x86.Build.0 = Release|Win32
	EndGlobalSection
	GlobalSection(SolutionProperties) = preSolution
		HideSolutionNode = FALSE
	EndGlobalSection
	GlobalSection(ExtensibilityGlobals) = postSolution
		SolutionGuid = {3A616530-1799-4363-B178-61FC86C14A97}
	EndGlobalSection
EndGlobal
